// !$*UTF8*$!
{
	archiveVersion = 1;
	classes = {
	};
	objectVersion = 56;
	objects = {

/* Begin PBXBuildFile section */
		9E96887B29DF2C250069E2E5 /* PassioSDKSwithUIDemoApp.swift in Sources */ = {isa = PBXBuildFile; fileRef = 9E96887A29DF2C250069E2E5 /* PassioSDKSwithUIDemoApp.swift */; };
		9E96887D29DF2C250069E2E5 /* ContentView.swift in Sources */ = {isa = PBXBuildFile; fileRef = 9E96887C29DF2C250069E2E5 /* ContentView.swift */; };
		9E96887F29DF2C260069E2E5 /* Assets.xcassets in Resources */ = {isa = PBXBuildFile; fileRef = 9E96887E29DF2C260069E2E5 /* Assets.xcassets */; };
		9E96888229DF2C260069E2E5 /* Preview Assets.xcassets in Resources */ = {isa = PBXBuildFile; fileRef = 9E96888129DF2C260069E2E5 /* Preview Assets.xcassets */; };
		9E96888F29DF2D9F0069E2E5 /* PassioRepresentable.swift in Sources */ = {isa = PBXBuildFile; fileRef = 9E96888D29DF2D9F0069E2E5 /* PassioRepresentable.swift */; };
		9E96889029DF2D9F0069E2E5 /* PassioViewController.swift in Sources */ = {isa = PBXBuildFile; fileRef = 9E96888E29DF2D9F0069E2E5 /* PassioViewController.swift */; };
		9ED809E02A0AE24700C9FB19 /* PassioSDKKey.swift in Sources */ = {isa = PBXBuildFile; fileRef = 9ED809DF2A0AE24700C9FB19 /* PassioSDKKey.swift */; };
		9EDABBA32A0ADCE400997AF9 /* PassioNutritionAISDK in Frameworks */ = {isa = PBXBuildFile; productRef = 9EDABBA22A0ADCE400997AF9 /* PassioNutritionAISDK */; };
/* End PBXBuildFile section */

/* Begin PBXCopyFilesBuildPhase section */
		9E96888C29DF2D390069E2E5 /* Embed Frameworks */ = {
			isa = PBXCopyFilesBuildPhase;
			buildActionMask = 2147483647;
			dstPath = "";
			dstSubfolderSpec = 10;
			files = (
			);
			name = "Embed Frameworks";
			runOnlyForDeploymentPostprocessing = 0;
		};
/* End PBXCopyFilesBuildPhase section */

/* Begin PBXFileReference section */
		9E91E8CE2A03FAC600E126A2 /* Info.plist */ = {isa = PBXFileReference; lastKnownFileType = text.plist; path = Info.plist; sourceTree = "<group>"; };
		9E96887729DF2C250069E2E5 /* PassioSDKSwithUIDemo.app */ = {isa = PBXFileReference; explicitFileType = wrapper.application; includeInIndex = 0; path = PassioSDKSwithUIDemo.app; sourceTree = BUILT_PRODUCTS_DIR; };
		9E96887A29DF2C250069E2E5 /* PassioSDKSwithUIDemoApp.swift */ = {isa = PBXFileReference; lastKnownFileType = sourcecode.swift; path = PassioSDKSwithUIDemoApp.swift; sourceTree = "<group>"; };
		9E96887C29DF2C250069E2E5 /* ContentView.swift */ = {isa = PBXFileReference; lastKnownFileType = sourcecode.swift; path = ContentView.swift; sourceTree = "<group>"; };
		9E96887E29DF2C260069E2E5 /* Assets.xcassets */ = {isa = PBXFileReference; lastKnownFileType = folder.assetcatalog; path = Assets.xcassets; sourceTree = "<group>"; };
		9E96888129DF2C260069E2E5 /* Preview Assets.xcassets */ = {isa = PBXFileReference; lastKnownFileType = folder.assetcatalog; path = "Preview Assets.xcassets"; sourceTree = "<group>"; };
		9E96888D29DF2D9F0069E2E5 /* PassioRepresentable.swift */ = {isa = PBXFileReference; fileEncoding = 4; lastKnownFileType = sourcecode.swift; path = PassioRepresentable.swift; sourceTree = "<group>"; };
		9E96888E29DF2D9F0069E2E5 /* PassioViewController.swift */ = {isa = PBXFileReference; fileEncoding = 4; lastKnownFileType = sourcecode.swift; path = PassioViewController.swift; sourceTree = "<group>"; };
		9ED809DF2A0AE24700C9FB19 /* PassioSDKKey.swift */ = {isa = PBXFileReference; fileEncoding = 4; lastKnownFileType = sourcecode.swift; path = PassioSDKKey.swift; sourceTree = "<group>"; };
/* End PBXFileReference section */

/* Begin PBXFrameworksBuildPhase section */
		9E96887429DF2C250069E2E5 /* Frameworks */ = {
			isa = PBXFrameworksBuildPhase;
			buildActionMask = 2147483647;
			files = (
				9EDABBA32A0ADCE400997AF9 /* PassioNutritionAISDK in Frameworks */,
			);
			runOnlyForDeploymentPostprocessing = 0;
		};
/* End PBXFrameworksBuildPhase section */

/* Begin PBXGroup section */
		9E96886E29DF2C250069E2E5 = {
			isa = PBXGroup;
			children = (
				9ED809DF2A0AE24700C9FB19 /* PassioSDKKey.swift */,
				9E96887929DF2C250069E2E5 /* PassioSDKSwithUIDemo */,
				9E96887829DF2C250069E2E5 /* Products */,
			);
			sourceTree = "<group>";
		};
		9E96887829DF2C250069E2E5 /* Products */ = {
			isa = PBXGroup;
			children = (
				9E96887729DF2C250069E2E5 /* PassioSDKSwithUIDemo.app */,
			);
			name = Products;
			sourceTree = "<group>";
		};
		9E96887929DF2C250069E2E5 /* PassioSDKSwithUIDemo */ = {
			isa = PBXGroup;
			children = (
				9E91E8CE2A03FAC600E126A2 /* Info.plist */,
				9E96887A29DF2C250069E2E5 /* PassioSDKSwithUIDemoApp.swift */,
				9E96887C29DF2C250069E2E5 /* ContentView.swift */,
				9E96888D29DF2D9F0069E2E5 /* PassioRepresentable.swift */,
				9E96888E29DF2D9F0069E2E5 /* PassioViewController.swift */,
				9E96887E29DF2C260069E2E5 /* Assets.xcassets */,
				9E96888029DF2C260069E2E5 /* Preview Content */,
			);
			path = PassioSDKSwithUIDemo;
			sourceTree = "<group>";
		};
		9E96888029DF2C260069E2E5 /* Preview Content */ = {
			isa = PBXGroup;
			children = (
				9E96888129DF2C260069E2E5 /* Preview Assets.xcassets */,
			);
			path = "Preview Content";
			sourceTree = "<group>";
		};
/* End PBXGroup section */

/* Begin PBXNativeTarget section */
		9E96887629DF2C250069E2E5 /* PassioSDKSwithUIDemo */ = {
			isa = PBXNativeTarget;
			buildConfigurationList = 9E96888529DF2C260069E2E5 /* Build configuration list for PBXNativeTarget "PassioSDKSwithUIDemo" */;
			buildPhases = (
				9E96887329DF2C250069E2E5 /* Sources */,
				9E96887429DF2C250069E2E5 /* Frameworks */,
				9E96887529DF2C250069E2E5 /* Resources */,
				9E96888C29DF2D390069E2E5 /* Embed Frameworks */,
			);
			buildRules = (
			);
			dependencies = (
			);
			name = PassioSDKSwithUIDemo;
			packageProductDependencies = (
				9EDABBA22A0ADCE400997AF9 /* PassioNutritionAISDK */,
			);
			productName = PassioSDKSwithUIDemo;
			productReference = 9E96887729DF2C250069E2E5 /* PassioSDKSwithUIDemo.app */;
			productType = "com.apple.product-type.application";
		};
/* End PBXNativeTarget section */

/* Begin PBXProject section */
		9E96886F29DF2C250069E2E5 /* Project object */ = {
			isa = PBXProject;
			attributes = {
				BuildIndependentTargetsInParallel = 1;
				LastSwiftUpdateCheck = 1430;
				LastUpgradeCheck = 1430;
				TargetAttributes = {
					9E96887629DF2C250069E2E5 = {
						CreatedOnToolsVersion = 14.3;
					};
				};
			};
			buildConfigurationList = 9E96887229DF2C250069E2E5 /* Build configuration list for PBXProject "PassioSDKSwithUIDemo" */;
			compatibilityVersion = "Xcode 14.0";
			developmentRegion = en;
			hasScannedForEncodings = 0;
			knownRegions = (
				en,
				Base,
			);
			mainGroup = 9E96886E29DF2C250069E2E5;
			packageReferences = (
				9EDABBA12A0ADCE400997AF9 /* XCRemoteSwiftPackageReference "Passio-Nutrition-AI-iOS-SDK-Distribution" */,
			);
			productRefGroup = 9E96887829DF2C250069E2E5 /* Products */;
			projectDirPath = "";
			projectRoot = "";
			targets = (
				9E96887629DF2C250069E2E5 /* PassioSDKSwithUIDemo */,
			);
		};
/* End PBXProject section */

/* Begin PBXResourcesBuildPhase section */
		9E96887529DF2C250069E2E5 /* Resources */ = {
			isa = PBXResourcesBuildPhase;
			buildActionMask = 2147483647;
			files = (
				9E96888229DF2C260069E2E5 /* Preview Assets.xcassets in Resources */,
				9E96887F29DF2C260069E2E5 /* Assets.xcassets in Resources */,
			);
			runOnlyForDeploymentPostprocessing = 0;
		};
/* End PBXResourcesBuildPhase section */

/* Begin PBXSourcesBuildPhase section */
		9E96887329DF2C250069E2E5 /* Sources */ = {
			isa = PBXSourcesBuildPhase;
			buildActionMask = 2147483647;
			files = (
				9E96887D29DF2C250069E2E5 /* ContentView.swift in Sources */,
				9ED809E02A0AE24700C9FB19 /* PassioSDKKey.swift in Sources */,
				9E96888F29DF2D9F0069E2E5 /* PassioRepresentable.swift in Sources */,
				9E96887B29DF2C250069E2E5 /* PassioSDKSwithUIDemoApp.swift in Sources */,
				9E96889029DF2D9F0069E2E5 /* PassioViewController.swift in Sources */,
			);
			runOnlyForDeploymentPostprocessing = 0;
		};
/* End PBXSourcesBuildPhase section */

/* Begin XCBuildConfiguration section */
		9E96888329DF2C260069E2E5 /* Debug */ = {
			isa = XCBuildConfiguration;
			buildSettings = {
				ALWAYS_SEARCH_USER_PATHS = NO;
				CLANG_ANALYZER_NONNULL = YES;
				CLANG_ANALYZER_NUMBER_OBJECT_CONVERSION = YES_AGGRESSIVE;
				CLANG_CXX_LANGUAGE_STANDARD = "gnu++20";
				CLANG_ENABLE_MODULES = YES;
				CLANG_ENABLE_OBJC_ARC = YES;
				CLANG_ENABLE_OBJC_WEAK = YES;
				CLANG_WARN_BLOCK_CAPTURE_AUTORELEASING = YES;
				CLANG_WARN_BOOL_CONVERSION = YES;
				CLANG_WARN_COMMA = YES;
				CLANG_WARN_CONSTANT_CONVERSION = YES;
				CLANG_WARN_DEPRECATED_OBJC_IMPLEMENTATIONS = YES;
				CLANG_WARN_DIRECT_OBJC_ISA_USAGE = YES_ERROR;
				CLANG_WARN_DOCUMENTATION_COMMENTS = YES;
				CLANG_WARN_EMPTY_BODY = YES;
				CLANG_WARN_ENUM_CONVERSION = YES;
				CLANG_WARN_INFINITE_RECURSION = YES;
				CLANG_WARN_INT_CONVERSION = YES;
				CLANG_WARN_NON_LITERAL_NULL_CONVERSION = YES;
				CLANG_WARN_OBJC_IMPLICIT_RETAIN_SELF = YES;
				CLANG_WARN_OBJC_LITERAL_CONVERSION = YES;
				CLANG_WARN_OBJC_ROOT_CLASS = YES_ERROR;
				CLANG_WARN_QUOTED_INCLUDE_IN_FRAMEWORK_HEADER = YES;
				CLANG_WARN_RANGE_LOOP_ANALYSIS = YES;
				CLANG_WARN_STRICT_PROTOTYPES = YES;
				CLANG_WARN_SUSPICIOUS_MOVE = YES;
				CLANG_WARN_UNGUARDED_AVAILABILITY = YES_AGGRESSIVE;
				CLANG_WARN_UNREACHABLE_CODE = YES;
				CLANG_WARN__DUPLICATE_METHOD_MATCH = YES;
				COPY_PHASE_STRIP = NO;
				DEBUG_INFORMATION_FORMAT = dwarf;
				ENABLE_STRICT_OBJC_MSGSEND = YES;
				ENABLE_TESTABILITY = YES;
				GCC_C_LANGUAGE_STANDARD = gnu11;
				GCC_DYNAMIC_NO_PIC = NO;
				GCC_NO_COMMON_BLOCKS = YES;
				GCC_OPTIMIZATION_LEVEL = 0;
				GCC_PREPROCESSOR_DEFINITIONS = (
					"DEBUG=1",
					"$(inherited)",
				);
				GCC_WARN_64_TO_32_BIT_CONVERSION = YES;
				GCC_WARN_ABOUT_RETURN_TYPE = YES_ERROR;
				GCC_WARN_UNDECLARED_SELECTOR = YES;
				GCC_WARN_UNINITIALIZED_AUTOS = YES_AGGRESSIVE;
				GCC_WARN_UNUSED_FUNCTION = YES;
				GCC_WARN_UNUSED_VARIABLE = YES;
				IPHONEOS_DEPLOYMENT_TARGET = 16.4;
				MTL_ENABLE_DEBUG_INFO = INCLUDE_SOURCE;
				MTL_FAST_MATH = YES;
				ONLY_ACTIVE_ARCH = YES;
				SDKROOT = iphoneos;
				SWIFT_ACTIVE_COMPILATION_CONDITIONS = DEBUG;
				SWIFT_OPTIMIZATION_LEVEL = "-Onone";
			};
			name = Debug;
		};
		9E96888429DF2C260069E2E5 /* Release */ = {
			isa = XCBuildConfiguration;
			buildSettings = {
				ALWAYS_SEARCH_USER_PATHS = NO;
				CLANG_ANALYZER_NONNULL = YES;
				CLANG_ANALYZER_NUMBER_OBJECT_CONVERSION = YES_AGGRESSIVE;
				CLANG_CXX_LANGUAGE_STANDARD = "gnu++20";
				CLANG_ENABLE_MODULES = YES;
				CLANG_ENABLE_OBJC_ARC = YES;
				CLANG_ENABLE_OBJC_WEAK = YES;
				CLANG_WARN_BLOCK_CAPTURE_AUTORELEASING = YES;
				CLANG_WARN_BOOL_CONVERSION = YES;
				CLANG_WARN_COMMA = YES;
				CLANG_WARN_CONSTANT_CONVERSION = YES;
				CLANG_WARN_DEPRECATED_OBJC_IMPLEMENTATIONS = YES;
				CLANG_WARN_DIRECT_OBJC_ISA_USAGE = YES_ERROR;
				CLANG_WARN_DOCUMENTATION_COMMENTS = YES;
				CLANG_WARN_EMPTY_BODY = YES;
				CLANG_WARN_ENUM_CONVERSION = YES;
				CLANG_WARN_INFINITE_RECURSION = YES;
				CLANG_WARN_INT_CONVERSION = YES;
				CLANG_WARN_NON_LITERAL_NULL_CONVERSION = YES;
				CLANG_WARN_OBJC_IMPLICIT_RETAIN_SELF = YES;
				CLANG_WARN_OBJC_LITERAL_CONVERSION = YES;
				CLANG_WARN_OBJC_ROOT_CLASS = YES_ERROR;
				CLANG_WARN_QUOTED_INCLUDE_IN_FRAMEWORK_HEADER = YES;
				CLANG_WARN_RANGE_LOOP_ANALYSIS = YES;
				CLANG_WARN_STRICT_PROTOTYPES = YES;
				CLANG_WARN_SUSPICIOUS_MOVE = YES;
				CLANG_WARN_UNGUARDED_AVAILABILITY = YES_AGGRESSIVE;
				CLANG_WARN_UNREACHABLE_CODE = YES;
				CLANG_WARN__DUPLICATE_METHOD_MATCH = YES;
				COPY_PHASE_STRIP = NO;
				DEBUG_INFORMATION_FORMAT = "dwarf-with-dsym";
				ENABLE_NS_ASSERTIONS = NO;
				ENABLE_STRICT_OBJC_MSGSEND = YES;
				GCC_C_LANGUAGE_STANDARD = gnu11;
				GCC_NO_COMMON_BLOCKS = YES;
				GCC_WARN_64_TO_32_BIT_CONVERSION = YES;
				GCC_WARN_ABOUT_RETURN_TYPE = YES_ERROR;
				GCC_WARN_UNDECLARED_SELECTOR = YES;
				GCC_WARN_UNINITIALIZED_AUTOS = YES_AGGRESSIVE;
				GCC_WARN_UNUSED_FUNCTION = YES;
				GCC_WARN_UNUSED_VARIABLE = YES;
				IPHONEOS_DEPLOYMENT_TARGET = 16.4;
				MTL_ENABLE_DEBUG_INFO = NO;
				MTL_FAST_MATH = YES;
				SDKROOT = iphoneos;
				SWIFT_COMPILATION_MODE = wholemodule;
				SWIFT_OPTIMIZATION_LEVEL = "-O";
				VALIDATE_PRODUCT = YES;
			};
			name = Release;
		};
		9E96888629DF2C260069E2E5 /* Debug */ = {
			isa = XCBuildConfiguration;
			buildSettings = {
				ASSETCATALOG_COMPILER_APPICON_NAME = AppIcon;
				ASSETCATALOG_COMPILER_GLOBAL_ACCENT_COLOR_NAME = AccentColor;
				CODE_SIGN_STYLE = Automatic;
				CURRENT_PROJECT_VERSION = 1;
				DEVELOPMENT_ASSET_PATHS = "\"PassioSDKSwithUIDemo/Preview Content\"";
				DEVELOPMENT_TEAM = LCT9TTNDNR;
				ENABLE_PREVIEWS = YES;
				GENERATE_INFOPLIST_FILE = YES;
				INFOPLIST_FILE = PassioSDKSwithUIDemo/Info.plist;
				INFOPLIST_KEY_CFBundleDisplayName = PassioSDKSwiftUI;
				INFOPLIST_KEY_LSApplicationCategoryType = "";
				INFOPLIST_KEY_NSCameraUsageDescription = "Use the camera to visually recognize food";
				INFOPLIST_KEY_UIApplicationSceneManifest_Generation = YES;
				INFOPLIST_KEY_UIApplicationSupportsIndirectInputEvents = YES;
				INFOPLIST_KEY_UILaunchScreen_Generation = YES;
				INFOPLIST_KEY_UISupportedInterfaceOrientations = UIInterfaceOrientationPortrait;
				INFOPLIST_KEY_UISupportedInterfaceOrientations_iPad = "UIInterfaceOrientationLandscapeLeft UIInterfaceOrientationLandscapeRight UIInterfaceOrientationPortrait UIInterfaceOrientationPortraitUpsideDown";
				IPHONEOS_DEPLOYMENT_TARGET = 15.0;
				LD_RUNPATH_SEARCH_PATHS = (
					"$(inherited)",
					"@executable_path/Frameworks",
				);
				MARKETING_VERSION = 2.3.3;
				PRODUCT_BUNDLE_IDENTIFIER = com.passiolife.PassioSDKSwithUIDemo;
				PRODUCT_NAME = "$(TARGET_NAME)";
				SUPPORTED_PLATFORMS = "iphoneos iphonesimulator";
				SUPPORTS_MACCATALYST = NO;
				SUPPORTS_MAC_DESIGNED_FOR_IPHONE_IPAD = NO;
				SWIFT_EMIT_LOC_STRINGS = YES;
				SWIFT_VERSION = 5.0;
				TARGETED_DEVICE_FAMILY = 1;
			};
			name = Debug;
		};
		9E96888729DF2C260069E2E5 /* Release */ = {
			isa = XCBuildConfiguration;
			buildSettings = {
				ASSETCATALOG_COMPILER_APPICON_NAME = AppIcon;
				ASSETCATALOG_COMPILER_GLOBAL_ACCENT_COLOR_NAME = AccentColor;
				CODE_SIGN_STYLE = Automatic;
				CURRENT_PROJECT_VERSION = 1;
				DEVELOPMENT_ASSET_PATHS = "\"PassioSDKSwithUIDemo/Preview Content\"";
				DEVELOPMENT_TEAM = LCT9TTNDNR;
				ENABLE_PREVIEWS = YES;
				GENERATE_INFOPLIST_FILE = YES;
				INFOPLIST_FILE = PassioSDKSwithUIDemo/Info.plist;
				INFOPLIST_KEY_CFBundleDisplayName = PassioSDKSwiftUI;
				INFOPLIST_KEY_LSApplicationCategoryType = "";
				INFOPLIST_KEY_NSCameraUsageDescription = "Use the camera to visually recognize food";
				INFOPLIST_KEY_UIApplicationSceneManifest_Generation = YES;
				INFOPLIST_KEY_UIApplicationSupportsIndirectInputEvents = YES;
				INFOPLIST_KEY_UILaunchScreen_Generation = YES;
				INFOPLIST_KEY_UISupportedInterfaceOrientations = UIInterfaceOrientationPortrait;
				INFOPLIST_KEY_UISupportedInterfaceOrientations_iPad = "UIInterfaceOrientationLandscapeLeft UIInterfaceOrientationLandscapeRight UIInterfaceOrientationPortrait UIInterfaceOrientationPortraitUpsideDown";
				IPHONEOS_DEPLOYMENT_TARGET = 15.0;
				LD_RUNPATH_SEARCH_PATHS = (
					"$(inherited)",
					"@executable_path/Frameworks",
				);
				MARKETING_VERSION = 2.3.3;
				PRODUCT_BUNDLE_IDENTIFIER = com.passiolife.PassioSDKSwithUIDemo;
				PRODUCT_NAME = "$(TARGET_NAME)";
				SUPPORTED_PLATFORMS = "iphoneos iphonesimulator";
				SUPPORTS_MACCATALYST = NO;
				SUPPORTS_MAC_DESIGNED_FOR_IPHONE_IPAD = NO;
				SWIFT_EMIT_LOC_STRINGS = YES;
				SWIFT_VERSION = 5.0;
				TARGETED_DEVICE_FAMILY = 1;
			};
			name = Release;
		};
/* End XCBuildConfiguration section */

/* Begin XCConfigurationList section */
		9E96887229DF2C250069E2E5 /* Build configuration list for PBXProject "PassioSDKSwithUIDemo" */ = {
			isa = XCConfigurationList;
			buildConfigurations = (
				9E96888329DF2C260069E2E5 /* Debug */,
				9E96888429DF2C260069E2E5 /* Release */,
			);
			defaultConfigurationIsVisible = 0;
			defaultConfigurationName = Release;
		};
		9E96888529DF2C260069E2E5 /* Build configuration list for PBXNativeTarget "PassioSDKSwithUIDemo" */ = {
			isa = XCConfigurationList;
			buildConfigurations = (
				9E96888629DF2C260069E2E5 /* Debug */,
				9E96888729DF2C260069E2E5 /* Release */,
			);
			defaultConfigurationIsVisible = 0;
			defaultConfigurationName = Release;
		};
/* End XCConfigurationList section */

/* Begin XCRemoteSwiftPackageReference section */
		9EDABBA12A0ADCE400997AF9 /* XCRemoteSwiftPackageReference "Passio-Nutrition-AI-iOS-SDK-Distribution" */ = {
			isa = XCRemoteSwiftPackageReference;
			repositoryURL = "https://github.com/Passiolife/Passio-Nutrition-AI-iOS-SDK-Distribution";
			requirement = {
				branch = main;
				kind = branch;
			};
		};
/* End XCRemoteSwiftPackageReference section */

/* Begin XCSwiftPackageProductDependency section */
		9EDABBA22A0ADCE400997AF9 /* PassioNutritionAISDK */ = {
			isa = XCSwiftPackageProductDependency;
			package = 9EDABBA12A0ADCE400997AF9 /* XCRemoteSwiftPackageReference "Passio-Nutrition-AI-iOS-SDK-Distribution" */;
			productName = PassioNutritionAISDK;
		};
/* End XCSwiftPackageProductDependency section */
	};
	rootObject = 9E96886F29DF2C250069E2E5 /* Project object */;
}
