// !$*UTF8*$!
{
	archiveVersion = 1;
	classes = {
	};
	objectVersion = 52;
	objects = {

/* Begin PBXBuildFile section */
		9E3A2CB22548A01A0095777D /* AppDelegate.swift in Sources */ = {isa = PBXBuildFile; fileRef = 9E3A2CB12548A01A0095777D /* AppDelegate.swift */; };
		9E3A2CB42548A01A0095777D /* SceneDelegate.swift in Sources */ = {isa = PBXBuildFile; fileRef = 9E3A2CB32548A01A0095777D /* SceneDelegate.swift */; };
		9E3A2CB62548A01A0095777D /* PassioQuickStartViewController.swift in Sources */ = {isa = PBXBuildFile; fileRef = 9E3A2CB52548A01A0095777D /* PassioQuickStartViewController.swift */; };
		9E3A2CBB2548A01A0095777D /* Assets.xcassets in Resources */ = {isa = PBXBuildFile; fileRef = 9E3A2CBA2548A01A0095777D /* Assets.xcassets */; };
		9E3A2CBE2548A01B0095777D /* LaunchScreen.storyboard in Resources */ = {isa = PBXBuildFile; fileRef = 9E3A2CBC2548A01B0095777D /* LaunchScreen.storyboard */; };
		9E5A88EC2A8E776400253AFC /* PassioNutritionAISDK in Frameworks */ = {isa = PBXBuildFile; productRef = 9E5A88EB2A8E776400253AFC /* PassioNutritionAISDK */; };
		9E5C282C2847C8BA00A10B1E /* Main.storyboard in Resources */ = {isa = PBXBuildFile; fileRef = 9E3A2CB72548A01A0095777D /* Main.storyboard */; };
		9EDABBA72A0AE0DA00997AF9 /* PassioSDKKey.swift in Sources */ = {isa = PBXBuildFile; fileRef = 9EDABBA62A0AE0DA00997AF9 /* PassioSDKKey.swift */; };
/* End PBXBuildFile section */

/* Begin PBXCopyFilesBuildPhase section */
		9E3A2CD52548A32E0095777D /* Embed Frameworks */ = {
			isa = PBXCopyFilesBuildPhase;
			buildActionMask = 2147483647;
			dstPath = "";
			dstSubfolderSpec = 10;
			files = (
			);
			name = "Embed Frameworks";
			runOnlyForDeploymentPostprocessing = 0;
		};
/* End PBXCopyFilesBuildPhase section */

/* Begin PBXFileReference section */
		9E3A2CAE2548A01A0095777D /* AI-Nutritions SDK.app */ = {isa = PBXFileReference; explicitFileType = wrapper.application; includeInIndex = 0; path = "AI-Nutritions SDK.app"; sourceTree = BUILT_PRODUCTS_DIR; };
		9E3A2CB12548A01A0095777D /* AppDelegate.swift */ = {isa = PBXFileReference; lastKnownFileType = sourcecode.swift; path = AppDelegate.swift; sourceTree = "<group>"; };
		9E3A2CB32548A01A0095777D /* SceneDelegate.swift */ = {isa = PBXFileReference; lastKnownFileType = sourcecode.swift; path = SceneDelegate.swift; sourceTree = "<group>"; };
		9E3A2CB52548A01A0095777D /* PassioQuickStartViewController.swift */ = {isa = PBXFileReference; lastKnownFileType = sourcecode.swift; path = PassioQuickStartViewController.swift; sourceTree = "<group>"; };
		9E3A2CB82548A01A0095777D /* Base */ = {isa = PBXFileReference; lastKnownFileType = file.storyboard; name = Base; path = Base.lproj/Main.storyboard; sourceTree = "<group>"; };
		9E3A2CBA2548A01A0095777D /* Assets.xcassets */ = {isa = PBXFileReference; lastKnownFileType = folder.assetcatalog; path = Assets.xcassets; sourceTree = "<group>"; };
		9E3A2CBD2548A01B0095777D /* Base */ = {isa = PBXFileReference; lastKnownFileType = file.storyboard; name = Base; path = Base.lproj/LaunchScreen.storyboard; sourceTree = "<group>"; };
		9E3A2CBF2548A01B0095777D /* Info.plist */ = {isa = PBXFileReference; lastKnownFileType = text.plist.xml; path = Info.plist; sourceTree = "<group>"; };
		9EDABBA62A0AE0DA00997AF9 /* PassioSDKKey.swift */ = {isa = PBXFileReference; fileEncoding = 4; lastKnownFileType = sourcecode.swift; path = PassioSDKKey.swift; sourceTree = "<group>"; };
/* End PBXFileReference section */

/* Begin PBXFrameworksBuildPhase section */
		9E3A2CAB2548A01A0095777D /* Frameworks */ = {
			isa = PBXFrameworksBuildPhase;
			buildActionMask = 2147483647;
			files = (
				9E5A88EC2A8E776400253AFC /* PassioNutritionAISDK in Frameworks */,
			);
			runOnlyForDeploymentPostprocessing = 0;
		};
/* End PBXFrameworksBuildPhase section */

/* Begin PBXGroup section */
		9E3A2CA52548A01A0095777D = {
			isa = PBXGroup;
			children = (
				9EDABBA62A0AE0DA00997AF9 /* PassioSDKKey.swift */,
				9E3A2CB02548A01A0095777D /* PassioSDKQuickStart */,
				9E3A2CAF2548A01A0095777D /* Products */,
			);
			sourceTree = "<group>";
		};
		9E3A2CAF2548A01A0095777D /* Products */ = {
			isa = PBXGroup;
			children = (
				9E3A2CAE2548A01A0095777D /* AI-Nutritions SDK.app */,
			);
			name = Products;
			sourceTree = "<group>";
		};
		9E3A2CB02548A01A0095777D /* PassioSDKQuickStart */ = {
			isa = PBXGroup;
			children = (
				9E3A2CB72548A01A0095777D /* Main.storyboard */,
				9E3A2CB52548A01A0095777D /* PassioQuickStartViewController.swift */,
				9E3A2CB12548A01A0095777D /* AppDelegate.swift */,
				9E3A2CB32548A01A0095777D /* SceneDelegate.swift */,
				9E3A2CBA2548A01A0095777D /* Assets.xcassets */,
				9E3A2CBC2548A01B0095777D /* LaunchScreen.storyboard */,
				9E3A2CBF2548A01B0095777D /* Info.plist */,
			);
			path = PassioSDKQuickStart;
			sourceTree = "<group>";
		};
/* End PBXGroup section */

/* Begin PBXNativeTarget section */
		9E3A2CAD2548A01A0095777D /* PassioSDKQuickStart */ = {
			isa = PBXNativeTarget;
			buildConfigurationList = 9E3A2CC22548A01B0095777D /* Build configuration list for PBXNativeTarget "PassioSDKQuickStart" */;
			buildPhases = (
				9E3A2CAA2548A01A0095777D /* Sources */,
				9E3A2CAB2548A01A0095777D /* Frameworks */,
				9E3A2CAC2548A01A0095777D /* Resources */,
				9E3A2CD52548A32E0095777D /* Embed Frameworks */,
			);
			buildRules = (
			);
			dependencies = (
			);
			name = PassioSDKQuickStart;
			packageProductDependencies = (
				9E5A88EB2A8E776400253AFC /* PassioNutritionAISDK */,
			);
			productName = PassioSDKQuickStart;
			productReference = 9E3A2CAE2548A01A0095777D /* AI-Nutritions SDK.app */;
			productType = "com.apple.product-type.application";
		};
/* End PBXNativeTarget section */

/* Begin PBXProject section */
		9E3A2CA62548A01A0095777D /* Project object */ = {
			isa = PBXProject;
			attributes = {
				LastSwiftUpdateCheck = 1210;
				LastUpgradeCheck = 1210;
				TargetAttributes = {
					9E3A2CAD2548A01A0095777D = {
						CreatedOnToolsVersion = 12.1;
					};
				};
			};
			buildConfigurationList = 9E3A2CA92548A01A0095777D /* Build configuration list for PBXProject "PassioSDKQuickStart" */;
			compatibilityVersion = "Xcode 9.3";
			developmentRegion = en;
			hasScannedForEncodings = 0;
			knownRegions = (
				en,
				Base,
			);
			mainGroup = 9E3A2CA52548A01A0095777D;
			packageReferences = (
				9E5A88EA2A8E776400253AFC /* XCRemoteSwiftPackageReference "Passio-Nutrition-AI-iOS-SDK-Distribution" */,
			);
			productRefGroup = 9E3A2CAF2548A01A0095777D /* Products */;
			projectDirPath = "";
			projectRoot = "";
			targets = (
				9E3A2CAD2548A01A0095777D /* PassioSDKQuickStart */,
			);
		};
/* End PBXProject section */

/* Begin PBXResourcesBuildPhase section */
		9E3A2CAC2548A01A0095777D /* Resources */ = {
			isa = PBXResourcesBuildPhase;
			buildActionMask = 2147483647;
			files = (
				9E5C282C2847C8BA00A10B1E /* Main.storyboard in Resources */,
				9E3A2CBE2548A01B0095777D /* LaunchScreen.storyboard in Resources */,
				9E3A2CBB2548A01A0095777D /* Assets.xcassets in Resources */,
			);
			runOnlyForDeploymentPostprocessing = 0;
		};
/* End PBXResourcesBuildPhase section */

/* Begin PBXSourcesBuildPhase section */
		9E3A2CAA2548A01A0095777D /* Sources */ = {
			isa = PBXSourcesBuildPhase;
			buildActionMask = 2147483647;
			files = (
				9E3A2CB62548A01A0095777D /* PassioQuickStartViewController.swift in Sources */,
				9E3A2CB22548A01A0095777D /* AppDelegate.swift in Sources */,
				9E3A2CB42548A01A0095777D /* SceneDelegate.swift in Sources */,
				9EDABBA72A0AE0DA00997AF9 /* PassioSDKKey.swift in Sources */,
			);
			runOnlyForDeploymentPostprocessing = 0;
		};
/* End PBXSourcesBuildPhase section */

/* Begin PBXVariantGroup section */
		9E3A2CB72548A01A0095777D /* Main.storyboard */ = {
			isa = PBXVariantGroup;
			children = (
				9E3A2CB82548A01A0095777D /* Base */,
			);
			name = Main.storyboard;
			sourceTree = "<group>";
		};
		9E3A2CBC2548A01B0095777D /* LaunchScreen.storyboard */ = {
			isa = PBXVariantGroup;
			children = (
				9E3A2CBD2548A01B0095777D /* Base */,
			);
			name = LaunchScreen.storyboard;
			sourceTree = "<group>";
		};
/* End PBXVariantGroup section */

/* Begin XCBuildConfiguration section */
		9E3A2CC02548A01B0095777D /* Debug */ = {
			isa = XCBuildConfiguration;
			buildSettings = {
				ALWAYS_SEARCH_USER_PATHS = NO;
				CLANG_ANALYZER_NONNULL = YES;
				CLANG_ANALYZER_NUMBER_OBJECT_CONVERSION = YES_AGGRESSIVE;
				CLANG_CXX_LANGUAGE_STANDARD = "gnu++14";
				CLANG_CXX_LIBRARY = "libc++";
				CLANG_ENABLE_MODULES = YES;
				CLANG_ENABLE_OBJC_ARC = YES;
				CLANG_ENABLE_OBJC_WEAK = YES;
				CLANG_WARN_BLOCK_CAPTURE_AUTORELEASING = YES;
				CLANG_WARN_BOOL_CONVERSION = YES;
				CLANG_WARN_COMMA = YES;
				CLANG_WARN_CONSTANT_CONVERSION = YES;
				CLANG_WARN_DEPRECATED_OBJC_IMPLEMENTATIONS = YES;
				CLANG_WARN_DIRECT_OBJC_ISA_USAGE = YES_ERROR;
				CLANG_WARN_DOCUMENTATION_COMMENTS = YES;
				CLANG_WARN_EMPTY_BODY = YES;
				CLANG_WARN_ENUM_CONVERSION = YES;
				CLANG_WARN_INFINITE_RECURSION = YES;
				CLANG_WARN_INT_CONVERSION = YES;
				CLANG_WARN_NON_LITERAL_NULL_CONVERSION = YES;
				CLANG_WARN_OBJC_IMPLICIT_RETAIN_SELF = YES;
				CLANG_WARN_OBJC_LITERAL_CONVERSION = YES;
				CLANG_WARN_OBJC_ROOT_CLASS = YES_ERROR;
				CLANG_WARN_QUOTED_INCLUDE_IN_FRAMEWORK_HEADER = YES;
				CLANG_WARN_RANGE_LOOP_ANALYSIS = YES;
				CLANG_WARN_STRICT_PROTOTYPES = YES;
				CLANG_WARN_SUSPICIOUS_MOVE = YES;
				CLANG_WARN_UNGUARDED_AVAILABILITY = YES_AGGRESSIVE;
				CLANG_WARN_UNREACHABLE_CODE = YES;
				CLANG_WARN__DUPLICATE_METHOD_MATCH = YES;
				COPY_PHASE_STRIP = NO;
				DEBUG_INFORMATION_FORMAT = dwarf;
				ENABLE_STRICT_OBJC_MSGSEND = YES;
				ENABLE_TESTABILITY = YES;
				GCC_C_LANGUAGE_STANDARD = gnu11;
				GCC_DYNAMIC_NO_PIC = NO;
				GCC_NO_COMMON_BLOCKS = YES;
				GCC_OPTIMIZATION_LEVEL = 0;
				GCC_PREPROCESSOR_DEFINITIONS = (
					"DEBUG=1",
					"$(inherited)",
				);
				GCC_WARN_64_TO_32_BIT_CONVERSION = YES;
				GCC_WARN_ABOUT_RETURN_TYPE = YES_ERROR;
				GCC_WARN_UNDECLARED_SELECTOR = YES;
				GCC_WARN_UNINITIALIZED_AUTOS = YES_AGGRESSIVE;
				GCC_WARN_UNUSED_FUNCTION = YES;
				GCC_WARN_UNUSED_VARIABLE = YES;
				IPHONEOS_DEPLOYMENT_TARGET = 14.1;
				MTL_ENABLE_DEBUG_INFO = INCLUDE_SOURCE;
				MTL_FAST_MATH = YES;
				ONLY_ACTIVE_ARCH = YES;
				SDKROOT = iphoneos;
				SWIFT_ACTIVE_COMPILATION_CONDITIONS = DEBUG;
				SWIFT_OPTIMIZATION_LEVEL = "-Onone";
			};
			name = Debug;
		};
		9E3A2CC12548A01B0095777D /* Release */ = {
			isa = XCBuildConfiguration;
			buildSettings = {
				ALWAYS_SEARCH_USER_PATHS = NO;
				CLANG_ANALYZER_NONNULL = YES;
				CLANG_ANALYZER_NUMBER_OBJECT_CONVERSION = YES_AGGRESSIVE;
				CLANG_CXX_LANGUAGE_STANDARD = "gnu++14";
				CLANG_CXX_LIBRARY = "libc++";
				CLANG_ENABLE_MODULES = YES;
				CLANG_ENABLE_OBJC_ARC = YES;
				CLANG_ENABLE_OBJC_WEAK = YES;
				CLANG_WARN_BLOCK_CAPTURE_AUTORELEASING = YES;
				CLANG_WARN_BOOL_CONVERSION = YES;
				CLANG_WARN_COMMA = YES;
				CLANG_WARN_CONSTANT_CONVERSION = YES;
				CLANG_WARN_DEPRECATED_OBJC_IMPLEMENTATIONS = YES;
				CLANG_WARN_DIRECT_OBJC_ISA_USAGE = YES_ERROR;
				CLANG_WARN_DOCUMENTATION_COMMENTS = YES;
				CLANG_WARN_EMPTY_BODY = YES;
				CLANG_WARN_ENUM_CONVERSION = YES;
				CLANG_WARN_INFINITE_RECURSION = YES;
				CLANG_WARN_INT_CONVERSION = YES;
				CLANG_WARN_NON_LITERAL_NULL_CONVERSION = YES;
				CLANG_WARN_OBJC_IMPLICIT_RETAIN_SELF = YES;
				CLANG_WARN_OBJC_LITERAL_CONVERSION = YES;
				CLANG_WARN_OBJC_ROOT_CLASS = YES_ERROR;
				CLANG_WARN_QUOTED_INCLUDE_IN_FRAMEWORK_HEADER = YES;
				CLANG_WARN_RANGE_LOOP_ANALYSIS = YES;
				CLANG_WARN_STRICT_PROTOTYPES = YES;
				CLANG_WARN_SUSPICIOUS_MOVE = YES;
				CLANG_WARN_UNGUARDED_AVAILABILITY = YES_AGGRESSIVE;
				CLANG_WARN_UNREACHABLE_CODE = YES;
				CLANG_WARN__DUPLICATE_METHOD_MATCH = YES;
				COPY_PHASE_STRIP = NO;
				DEBUG_INFORMATION_FORMAT = "dwarf-with-dsym";
				ENABLE_NS_ASSERTIONS = NO;
				ENABLE_STRICT_OBJC_MSGSEND = YES;
				GCC_C_LANGUAGE_STANDARD = gnu11;
				GCC_NO_COMMON_BLOCKS = YES;
				GCC_WARN_64_TO_32_BIT_CONVERSION = YES;
				GCC_WARN_ABOUT_RETURN_TYPE = YES_ERROR;
				GCC_WARN_UNDECLARED_SELECTOR = YES;
				GCC_WARN_UNINITIALIZED_AUTOS = YES_AGGRESSIVE;
				GCC_WARN_UNUSED_FUNCTION = YES;
				GCC_WARN_UNUSED_VARIABLE = YES;
				IPHONEOS_DEPLOYMENT_TARGET = 14.1;
				MTL_ENABLE_DEBUG_INFO = NO;
				MTL_FAST_MATH = YES;
				SDKROOT = iphoneos;
				SWIFT_COMPILATION_MODE = wholemodule;
				SWIFT_OPTIMIZATION_LEVEL = "-O";
				VALIDATE_PRODUCT = YES;
			};
			name = Release;
		};
		9E3A2CC32548A01B0095777D /* Debug */ = {
			isa = XCBuildConfiguration;
			buildSettings = {
				ASSETCATALOG_COMPILER_APPICON_NAME = AppIcon;
				ASSETCATALOG_COMPILER_GLOBAL_ACCENT_COLOR_NAME = AccentColor;
				CODE_SIGN_STYLE = Automatic;
				CURRENT_PROJECT_VERSION = 1;
				DEVELOPMENT_TEAM = LCT9TTNDNR;
				EXCLUDED_ARCHS = "";
				FRAMEWORK_SEARCH_PATHS = (
					"$(inherited)",
					"$(PROJECT_DIR)",
				);
				INFOPLIST_FILE = PassioSDKQuickStart/Info.plist;
				IPHONEOS_DEPLOYMENT_TARGET = 13.0;
				LD_RUNPATH_SEARCH_PATHS = (
					"$(inherited)",
					"@executable_path/Frameworks",
				);
				MARKETING_VERSION = 2.3.9;
				PRODUCT_BUNDLE_IDENTIFIER = zcom.passio.PassioSDKQuickStart;
				PRODUCT_NAME = "AI-Nutritions SDK";
				SUPPORTED_PLATFORMS = "iphoneos iphonesimulator";
				SUPPORTS_MACCATALYST = NO;
				SUPPORTS_MAC_DESIGNED_FOR_IPHONE_IPAD = NO;
				SWIFT_VERSION = 5.0;
				TARGETED_DEVICE_FAMILY = 1;
				VALIDATE_WORKSPACE = NO;
			};
			name = Debug;
		};
		9E3A2CC42548A01B0095777D /* Release */ = {
			isa = XCBuildConfiguration;
			buildSettings = {
				ASSETCATALOG_COMPILER_APPICON_NAME = AppIcon;
				ASSETCATALOG_COMPILER_GLOBAL_ACCENT_COLOR_NAME = AccentColor;
				CODE_SIGN_STYLE = Automatic;
				CURRENT_PROJECT_VERSION = 1;
				DEVELOPMENT_TEAM = LCT9TTNDNR;
				EXCLUDED_ARCHS = "";
				FRAMEWORK_SEARCH_PATHS = (
					"$(inherited)",
					"$(PROJECT_DIR)",
				);
				INFOPLIST_FILE = PassioSDKQuickStart/Info.plist;
				IPHONEOS_DEPLOYMENT_TARGET = 13.0;
				LD_RUNPATH_SEARCH_PATHS = (
					"$(inherited)",
					"@executable_path/Frameworks",
				);
				MARKETING_VERSION = 2.3.9;
				PRODUCT_BUNDLE_IDENTIFIER = zcom.passio.PassioSDKQuickStart;
				PRODUCT_NAME = "AI-Nutritions SDK";
				SUPPORTED_PLATFORMS = "iphoneos iphonesimulator";
				SUPPORTS_MACCATALYST = NO;
				SUPPORTS_MAC_DESIGNED_FOR_IPHONE_IPAD = NO;
				SWIFT_VERSION = 5.0;
				TARGETED_DEVICE_FAMILY = 1;
				VALIDATE_WORKSPACE = NO;
			};
			name = Release;
		};
/* End XCBuildConfiguration section */

/* Begin XCConfigurationList section */
		9E3A2CA92548A01A0095777D /* Build configuration list for PBXProject "PassioSDKQuickStart" */ = {
			isa = XCConfigurationList;
			buildConfigurations = (
				9E3A2CC02548A01B0095777D /* Debug */,
				9E3A2CC12548A01B0095777D /* Release */,
			);
			defaultConfigurationIsVisible = 0;
			defaultConfigurationName = Release;
		};
		9E3A2CC22548A01B0095777D /* Build configuration list for PBXNativeTarget "PassioSDKQuickStart" */ = {
			isa = XCConfigurationList;
			buildConfigurations = (
				9E3A2CC32548A01B0095777D /* Debug */,
				9E3A2CC42548A01B0095777D /* Release */,
			);
			defaultConfigurationIsVisible = 0;
			defaultConfigurationName = Release;
		};
/* End XCConfigurationList section */

/* Begin XCRemoteSwiftPackageReference section */
		9E5A88EA2A8E776400253AFC /* XCRemoteSwiftPackageReference "Passio-Nutrition-AI-iOS-SDK-Distribution" */ = {
			isa = XCRemoteSwiftPackageReference;
			repositoryURL = "https://github.com/Passiolife/Passio-Nutrition-AI-iOS-SDK-Distribution";
			requirement = {
				kind = upToNextMajorVersion;
				minimumVersion = 2.0.0;
			};
		};
/* End XCRemoteSwiftPackageReference section */

/* Begin XCSwiftPackageProductDependency section */
		9E5A88EB2A8E776400253AFC /* PassioNutritionAISDK */ = {
			isa = XCSwiftPackageProductDependency;
			package = 9E5A88EA2A8E776400253AFC /* XCRemoteSwiftPackageReference "Passio-Nutrition-AI-iOS-SDK-Distribution" */;
			productName = PassioNutritionAISDK;
		};
/* End XCSwiftPackageProductDependency section */
	};
	rootObject = 9E3A2CA62548A01A0095777D /* Project object */;
}
