{
  "pins" : [
    {
      "identity" : "passio-nutrition-ai-ios-sdk-distribution",
      "kind" : "remoteSourceControl",
      "location" : "https://github.com/Passiolife/Passio-Nutrition-AI-iOS-SDK-Distribution",
      "state" : {
        "revision" : "5b95067cb3f3c02575854f02cfabd9b517eed526",
        "version" : "2.3.7"
      }
    }
  ],
  "version" : 2
}
