{
  "pins" : [
    {
      "identity" : "passio-nutrition-ai-ios-sdk-distribution",
      "kind" : "remoteSourceControl",
      "location" : "https://github.com/Passiolife/Passio-Nutrition-AI-iOS-SDK-Distribution",
      "state" : {
        "revision" : "ba32701026b3a8368f2aa67aed2eb23aa31e8db7",
        "version" : "2.3.7"
      }
    }
  ],
  "version" : 2
}
