{
  "pins" : [
    {
      "identity" : "passio-nutrition-ai-ios-sdk-distribution",
      "kind" : "remoteSourceControl",
      "location" : "https://github.com/Passiolife/Passio-Nutrition-AI-iOS-SDK-Distribution",
      "state" : {
        "branch" : "main",
        "revision" : "1317bd890cafcae2b0bf3a6a980fc85eea0f18ab"
      }
    }
  ],
  "version" : 2
}
