{
  "pins" : [
    {
      "identity" : "passio-nutrition-ai-ios-sdk-distribution",
      "kind" : "remoteSourceControl",
      "location" : "https://github.com/Passiolife/Passio-Nutrition-AI-iOS-SDK-Distribution",
      "state" : {
        "branch" : "main",
        "revision" : "5de56625c4756f0b142ba3a3131a37b7bdf8edf1"
      }
    }
  ],
  "version" : 2
}
