{
  "pins" : [
    {
      "identity" : "passio-nutrition-ai-ios-sdk-distribution",
      "kind" : "remoteSourceControl",
      "location" : "https://github.com/Passiolife/Passio-Nutrition-AI-iOS-SDK-Distribution",
      "state" : {
        "branch" : "main",
        "revision" : "a02a60be0135f8dcc0098c51d9c2033d4a25a352"
      }
    }
  ],
  "version" : 2
}
